// !$*UTF8*$!
{
	archiveVersion = 1;
	classes = {
	};
	objectVersion = 46;
	objects = {

/* Begin PBXBuildFile section */
		946B69601AE2E2E2004257E3 /* AppDelegate.swift in Sources */ = {isa = PBXBuildFile; fileRef = 946B695F1AE2E2E2004257E3 /* AppDelegate.swift */; };
		946B69621AE2E2E2004257E3 /* ViewController.swift in Sources */ = {isa = PBXBuildFile; fileRef = 946B69611AE2E2E2004257E3 /* ViewController.swift */; };
		946B69651AE2E2E2004257E3 /* Main.storyboard in Resources */ = {isa = PBXBuildFile; fileRef = 946B69631AE2E2E2004257E3 /* Main.storyboard */; };
		946B69671AE2E2E2004257E3 /* Images.xcassets in Resources */ = {isa = PBXBuildFile; fileRef = 946B69661AE2E2E2004257E3 /* Images.xcassets */; };
		946B696A1AE2E2E2004257E3 /* LaunchScreen.xib in Resources */ = {isa = PBXBuildFile; fileRef = 946B69681AE2E2E2004257E3 /* LaunchScreen.xib */; };
		946B69761AE2E2E3004257E3 /* ios_projectTests.swift in Sources */ = {isa = PBXBuildFile; fileRef = 946B69751AE2E2E3004257E3 /* ios_projectTests.swift */; };
		94BA75301AE5673F00B97BEF /* FirstViewController.swift in Sources */ = {isa = PBXBuildFile; fileRef = 94BA752F1AE5673F00B97BEF /* FirstViewController.swift */; };
/* End PBXBuildFile section */

/* Begin PBXContainerItemProxy section */
		946B69701AE2E2E3004257E3 /* PBXContainerItemProxy */ = {
			isa = PBXContainerItemProxy;
			containerPortal = 946B69521AE2E2E2004257E3 /* Project object */;
			proxyType = 1;
			remoteGlobalIDString = 946B69591AE2E2E2004257E3;
			remoteInfo = ios_project;
		};
/* End PBXContainerItemProxy section */

/* Begin PBXFileReference section */
		946B695A1AE2E2E2004257E3 /* ios_project.app */ = {isa = PBXFileReference; explicitFileType = wrapper.application; includeInIndex = 0; path = ios_project.app; sourceTree = BUILT_PRODUCTS_DIR; };
		946B695E1AE2E2E2004257E3 /* Info.plist */ = {isa = PBXFileReference; lastKnownFileType = text.plist.xml; path = Info.plist; sourceTree = "<group>"; };
		946B695F1AE2E2E2004257E3 /* AppDelegate.swift */ = {isa = PBXFileReference; lastKnownFileType = sourcecode.swift; path = AppDelegate.swift; sourceTree = "<group>"; };
		946B69611AE2E2E2004257E3 /* ViewController.swift */ = {isa = PBXFileReference; lastKnownFileType = sourcecode.swift; path = ViewController.swift; sourceTree = "<group>"; };
		946B69641AE2E2E2004257E3 /* Base */ = {isa = PBXFileReference; lastKnownFileType = file.storyboard; name = Base; path = Base.lproj/Main.storyboard; sourceTree = "<group>"; };
		946B69661AE2E2E2004257E3 /* Images.xcassets */ = {isa = PBXFileReference; lastKnownFileType = folder.assetcatalog; path = Images.xcassets; sourceTree = "<group>"; };
		946B69691AE2E2E2004257E3 /* Base */ = {isa = PBXFileReference; lastKnownFileType = file.xib; name = Base; path = Base.lproj/LaunchScreen.xib; sourceTree = "<group>"; };
		946B696F1AE2E2E3004257E3 /* ios_projectTests.xctest */ = {isa = PBXFileReference; explicitFileType = wrapper.cfbundle; includeInIndex = 0; path = ios_projectTests.xctest; sourceTree = BUILT_PRODUCTS_DIR; };
		946B69741AE2E2E3004257E3 /* Info.plist */ = {isa = PBXFileReference; lastKnownFileType = text.plist.xml; path = Info.plist; sourceTree = "<group>"; };
		946B69751AE2E2E3004257E3 /* ios_projectTests.swift */ = {isa = PBXFileReference; lastKnownFileType = sourcecode.swift; path = ios_projectTests.swift; sourceTree = "<group>"; };
		94BA752F1AE5673F00B97BEF /* FirstViewController.swift */ = {isa = PBXFileReference; fileEncoding = 4; lastKnownFileType = sourcecode.swift; path = FirstViewController.swift; sourceTree = "<group>"; };
/* End PBXFileReference section */

/* Begin PBXFrameworksBuildPhase section */
		946B69571AE2E2E2004257E3 /* Frameworks */ = {
			isa = PBXFrameworksBuildPhase;
			buildActionMask = 2147483647;
			files = (
			);
			runOnlyForDeploymentPostprocessing = 0;
		};
		946B696C1AE2E2E3004257E3 /* Frameworks */ = {
			isa = PBXFrameworksBuildPhase;
			buildActionMask = 2147483647;
			files = (
			);
			runOnlyForDeploymentPostprocessing = 0;
		};
/* End PBXFrameworksBuildPhase section */

/* Begin PBXGroup section */
		946B69511AE2E2E2004257E3 = {
			isa = PBXGroup;
			children = (
				946B695C1AE2E2E2004257E3 /* ios_project */,
				946B69721AE2E2E3004257E3 /* ios_projectTests */,
				946B695B1AE2E2E2004257E3 /* Products */,
			);
			sourceTree = "<group>";
		};
		946B695B1AE2E2E2004257E3 /* Products */ = {
			isa = PBXGroup;
			children = (
				946B695A1AE2E2E2004257E3 /* ios_project.app */,
				946B696F1AE2E2E3004257E3 /* ios_projectTests.xctest */,
			);
			name = Products;
			sourceTree = "<group>";
		};
		946B695C1AE2E2E2004257E3 /* ios_project */ = {
			isa = PBXGroup;
			children = (
				946B695F1AE2E2E2004257E3 /* AppDelegate.swift */,
				946B69611AE2E2E2004257E3 /* ViewController.swift */,
				946B69631AE2E2E2004257E3 /* Main.storyboard */,
				946B69661AE2E2E2004257E3 /* Images.xcassets */,
				946B69681AE2E2E2004257E3 /* LaunchScreen.xib */,
				946B695D1AE2E2E2004257E3 /* Supporting Files */,
				94BA752F1AE5673F00B97BEF /* FirstViewController.swift */,
			);
			path = ios_project;
			sourceTree = "<group>";
		};
		946B695D1AE2E2E2004257E3 /* Supporting Files */ = {
			isa = PBXGroup;
			children = (
				946B695E1AE2E2E2004257E3 /* Info.plist */,
			);
			name = "Supporting Files";
			sourceTree = "<group>";
		};
		946B69721AE2E2E3004257E3 /* ios_projectTests */ = {
			isa = PBXGroup;
			children = (
				946B69751AE2E2E3004257E3 /* ios_projectTests.swift */,
				946B69731AE2E2E3004257E3 /* Supporting Files */,
			);
			path = ios_projectTests;
			sourceTree = "<group>";
		};
		946B69731AE2E2E3004257E3 /* Supporting Files */ = {
			isa = PBXGroup;
			children = (
				946B69741AE2E2E3004257E3 /* Info.plist */,
			);
			name = "Supporting Files";
			sourceTree = "<group>";
		};
/* End PBXGroup section */

/* Begin PBXNativeTarget section */
		946B69591AE2E2E2004257E3 /* ios_project */ = {
			isa = PBXNativeTarget;
			buildConfigurationList = 946B69791AE2E2E3004257E3 /* Build configuration list for PBXNativeTarget "ios_project" */;
			buildPhases = (
				946B69561AE2E2E2004257E3 /* Sources */,
				946B69571AE2E2E2004257E3 /* Frameworks */,
				946B69581AE2E2E2004257E3 /* Resources */,
			);
			buildRules = (
			);
			dependencies = (
			);
			name = ios_project;
			productName = ios_project;
			productReference = 946B695A1AE2E2E2004257E3 /* ios_project.app */;
			productType = "com.apple.product-type.application";
		};
		946B696E1AE2E2E3004257E3 /* ios_projectTests */ = {
			isa = PBXNativeTarget;
			buildConfigurationList = 946B697C1AE2E2E3004257E3 /* Build configuration list for PBXNativeTarget "ios_projectTests" */;
			buildPhases = (
				946B696B1AE2E2E3004257E3 /* Sources */,
				946B696C1AE2E2E3004257E3 /* Frameworks */,
				946B696D1AE2E2E3004257E3 /* Resources */,
			);
			buildRules = (
			);
			dependencies = (
				946B69711AE2E2E3004257E3 /* PBXTargetDependency */,
			);
			name = ios_projectTests;
			productName = ios_projectTests;
			productReference = 946B696F1AE2E2E3004257E3 /* ios_projectTests.xctest */;
			productType = "com.apple.product-type.bundle.unit-test";
		};
/* End PBXNativeTarget section */

/* Begin PBXProject section */
		946B69521AE2E2E2004257E3 /* Project object */ = {
			isa = PBXProject;
			attributes = {
				LastUpgradeCheck = 0630;
				ORGANIZATIONNAME = simonorlovsky;
				TargetAttributes = {
					946B69591AE2E2E2004257E3 = {
						CreatedOnToolsVersion = 6.3;
					};
					946B696E1AE2E2E3004257E3 = {
						CreatedOnToolsVersion = 6.3;
						TestTargetID = 946B69591AE2E2E2004257E3;
					};
				};
			};
			buildConfigurationList = 946B69551AE2E2E2004257E3 /* Build configuration list for PBXProject "ios_project" */;
			compatibilityVersion = "Xcode 3.2";
			developmentRegion = English;
			hasScannedForEncodings = 0;
			knownRegions = (
				en,
				Base,
			);
			mainGroup = 946B69511AE2E2E2004257E3;
			productRefGroup = 946B695B1AE2E2E2004257E3 /* Products */;
			projectDirPath = "";
			projectRoot = "";
			targets = (
				946B69591AE2E2E2004257E3 /* ios_project */,
				946B696E1AE2E2E3004257E3 /* ios_projectTests */,
			);
		};
/* End PBXProject section */

/* Begin PBXResourcesBuildPhase section */
		946B69581AE2E2E2004257E3 /* Resources */ = {
			isa = PBXResourcesBuildPhase;
			buildActionMask = 2147483647;
			files = (
				946B69651AE2E2E2004257E3 /* Main.storyboard in Resources */,
				946B696A1AE2E2E2004257E3 /* LaunchScreen.xib in Resources */,
				946B69671AE2E2E2004257E3 /* Images.xcassets in Resources */,
			);
			runOnlyForDeploymentPostprocessing = 0;
		};
		946B696D1AE2E2E3004257E3 /* Resources */ = {
			isa = PBXResourcesBuildPhase;
			buildActionMask = 2147483647;
			files = (
			);
			runOnlyForDeploymentPostprocessing = 0;
		};
/* End PBXResourcesBuildPhase section */

/* Begin PBXSourcesBuildPhase section */
		946B69561AE2E2E2004257E3 /* Sources */ = {
			isa = PBXSourcesBuildPhase;
			buildActionMask = 2147483647;
			files = (
				94BA75301AE5673F00B97BEF /* FirstViewController.swift in Sources */,
				946B69621AE2E2E2004257E3 /* ViewController.swift in Sources */,
				946B69601AE2E2E2004257E3 /* AppDelegate.swift in Sources */,
			);
			runOnlyForDeploymentPostprocessing = 0;
		};
		946B696B1AE2E2E3004257E3 /* Sources */ = {
			isa = PBXSourcesBuildPhase;
			buildActionMask = 2147483647;
			files = (
				946B69761AE2E2E3004257E3 /* ios_projectTests.swift in Sources */,
			);
			runOnlyForDeploymentPostprocessing = 0;
		};
/* End PBXSourcesBuildPhase section */

/* Begin PBXTargetDependency section */
		946B69711AE2E2E3004257E3 /* PBXTargetDependency */ = {
			isa = PBXTargetDependency;
			target = 946B69591AE2E2E2004257E3 /* ios_project */;
			targetProxy = 946B69701AE2E2E3004257E3 /* PBXContainerItemProxy */;
		};
/* End PBXTargetDependency section */

/* Begin PBXVariantGroup section */
		946B69631AE2E2E2004257E3 /* Main.storyboard */ = {
			isa = PBXVariantGroup;
			children = (
				946B69641AE2E2E2004257E3 /* Base */,
			);
			name = Main.storyboard;
			sourceTree = "<group>";
		};
		946B69681AE2E2E2004257E3 /* LaunchScreen.xib */ = {
			isa = PBXVariantGroup;
			children = (
				946B69691AE2E2E2004257E3 /* Base */,
			);
			name = LaunchScreen.xib;
			sourceTree = "<group>";
		};
/* End PBXVariantGroup section */

/* Begin XCBuildConfiguration section */
		946B69771AE2E2E3004257E3 /* Debug */ = {
			isa = XCBuildConfiguration;
			buildSettings = {
				ALWAYS_SEARCH_USER_PATHS = NO;
				CLANG_CXX_LANGUAGE_STANDARD = "gnu++0x";
				CLANG_CXX_LIBRARY = "libc++";
				CLANG_ENABLE_MODULES = YES;
				CLANG_ENABLE_OBJC_ARC = YES;
				CLANG_WARN_BOOL_CONVERSION = YES;
				CLANG_WARN_CONSTANT_CONVERSION = YES;
				CLANG_WARN_DIRECT_OBJC_ISA_USAGE = YES_ERROR;
				CLANG_WARN_EMPTY_BODY = YES;
				CLANG_WARN_ENUM_CONVERSION = YES;
				CLANG_WARN_INT_CONVERSION = YES;
				CLANG_WARN_OBJC_ROOT_CLASS = YES_ERROR;
				CLANG_WARN_UNREACHABLE_CODE = YES;
				CLANG_WARN__DUPLICATE_METHOD_MATCH = YES;
				"CODE_SIGN_IDENTITY[sdk=iphoneos*]" = "iPhone Developer";
				COPY_PHASE_STRIP = NO;
				DEBUG_INFORMATION_FORMAT = "dwarf-with-dsym";
				ENABLE_STRICT_OBJC_MSGSEND = YES;
				GCC_C_LANGUAGE_STANDARD = gnu99;
				GCC_DYNAMIC_NO_PIC = NO;
				GCC_NO_COMMON_BLOCKS = YES;
				GCC_OPTIMIZATION_LEVEL = 0;
				GCC_PREPROCESSOR_DEFINITIONS = (
					"DEBUG=1",
					"$(inherited)",
				);
				GCC_SYMBOLS_PRIVATE_EXTERN = NO;
				GCC_WARN_64_TO_32_BIT_CONVERSION = YES;
				GCC_WARN_ABOUT_RETURN_TYPE = YES_ERROR;
				GCC_WARN_UNDECLARED_SELECTOR = YES;
				GCC_WARN_UNINITIALIZED_AUTOS = YES_AGGRESSIVE;
				GCC_WARN_UNUSED_FUNCTION = YES;
				GCC_WARN_UNUSED_VARIABLE = YES;
				IPHONEOS_DEPLOYMENT_TARGET = 8.3;
				MTL_ENABLE_DEBUG_INFO = YES;
				ONLY_ACTIVE_ARCH = YES;
				SDKROOT = iphoneos;
				SWIFT_OPTIMIZATION_LEVEL = "-Onone";
			};
			name = Debug;
		};
		946B69781AE2E2E3004257E3 /* Release */ = {
			isa = XCBuildConfiguration;
			buildSettings = {
				ALWAYS_SEARCH_USER_PATHS = NO;
				CLANG_CXX_LANGUAGE_STANDARD = "gnu++0x";
				CLANG_CXX_LIBRARY = "libc++";
				CLANG_ENABLE_MODULES = YES;
				CLANG_ENABLE_OBJC_ARC = YES;
				CLANG_WARN_BOOL_CONVERSION = YES;
				CLANG_WARN_CONSTANT_CONVERSION = YES;
				CLANG_WARN_DIRECT_OBJC_ISA_USAGE = YES_ERROR;
				CLANG_WARN_EMPTY_BODY = YES;
				CLANG_WARN_ENUM_CONVERSION = YES;
				CLANG_WARN_INT_CONVERSION = YES;
				CLANG_WARN_OBJC_ROOT_CLASS = YES_ERROR;
				CLANG_WARN_UNREACHABLE_CODE = YES;
				CLANG_WARN__DUPLICATE_METHOD_MATCH = YES;
				"CODE_SIGN_IDENTITY[sdk=iphoneos*]" = "iPhone Developer";
				COPY_PHASE_STRIP = NO;
				DEBUG_INFORMATION_FORMAT = "dwarf-with-dsym";
				ENABLE_NS_ASSERTIONS = NO;
				ENABLE_STRICT_OBJC_MSGSEND = YES;
				GCC_C_LANGUAGE_STANDARD = gnu99;
				GCC_NO_COMMON_BLOCKS = YES;
				GCC_WARN_64_TO_32_BIT_CONVERSION = YES;
				GCC_WARN_ABOUT_RETURN_TYPE = YES_ERROR;
				GCC_WARN_UNDECLARED_SELECTOR = YES;
				GCC_WARN_UNINITIALIZED_AUTOS = YES_AGGRESSIVE;
				GCC_WARN_UNUSED_FUNCTION = YES;
				GCC_WARN_UNUSED_VARIABLE = YES;
				IPHONEOS_DEPLOYMENT_TARGET = 8.3;
				MTL_ENABLE_DEBUG_INFO = NO;
				SDKROOT = iphoneos;
				VALIDATE_PRODUCT = YES;
			};
			name = Release;
		};
		946B697A1AE2E2E3004257E3 /* Debug */ = {
			isa = XCBuildConfiguration;
			buildSettings = {
				ASSETCATALOG_COMPILER_APPICON_NAME = AppIcon;
				INFOPLIST_FILE = ios_project/Info.plist;
				LD_RUNPATH_SEARCH_PATHS = "$(inherited) @executable_path/Frameworks";
				PRODUCT_NAME = "$(TARGET_NAME)";
			};
			name = Debug;
		};
		946B697B1AE2E2E3004257E3 /* Release */ = {
			isa = XCBuildConfiguration;
			buildSettings = {
				ASSETCATALOG_COMPILER_APPICON_NAME = AppIcon;
				INFOPLIST_FILE = ios_project/Info.plist;
				LD_RUNPATH_SEARCH_PATHS = "$(inherited) @executable_path/Frameworks";
				PRODUCT_NAME = "$(TARGET_NAME)";
			};
			name = Release;
		};
		946B697D1AE2E2E3004257E3 /* Debug */ = {
			isa = XCBuildConfiguration;
			buildSettings = {
				BUNDLE_LOADER = "$(TEST_HOST)";
				FRAMEWORK_SEARCH_PATHS = (
					"$(SDKROOT)/Developer/Library/Frameworks",
					"$(inherited)",
				);
				GCC_PREPROCESSOR_DEFINITIONS = (
					"DEBUG=1",
					"$(inherited)",
				);
				INFOPLIST_FILE = ios_projectTests/Info.plist;
				LD_RUNPATH_SEARCH_PATHS = "$(inherited) @executable_path/Frameworks @loader_path/Frameworks";
				PRODUCT_NAME = "$(TARGET_NAME)";
				TEST_HOST = "$(BUILT_PRODUCTS_DIR)/ios_project.app/ios_project";
			};
			name = Debug;
		};
		946B697E1AE2E2E3004257E3 /* Release */ = {
			isa = XCBuildConfiguration;
			buildSettings = {
				BUNDLE_LOADER = "$(TEST_HOST)";
				FRAMEWORK_SEARCH_PATHS = (
					"$(SDKROOT)/Developer/Library/Frameworks",
					"$(inherited)",
				);
				INFOPLIST_FILE = ios_projectTests/Info.plist;
				LD_RUNPATH_SEARCH_PATHS = "$(inherited) @executable_path/Frameworks @loader_path/Frameworks";
				PRODUCT_NAME = "$(TARGET_NAME)";
				TEST_HOST = "$(BUILT_PRODUCTS_DIR)/ios_project.app/ios_project";
			};
			name = Release;
		};
/* End XCBuildConfiguration section */

/* Begin XCConfigurationList section */
		946B69551AE2E2E2004257E3 /* Build configuration list for PBXProject "ios_project" */ = {
			isa = XCConfigurationList;
			buildConfigurations = (
				946B69771AE2E2E3004257E3 /* Debug */,
				946B69781AE2E2E3004257E3 /* Release */,
			);
			defaultConfigurationIsVisible = 0;
			defaultConfigurationName = Release;
		};
		946B69791AE2E2E3004257E3 /* Build configuration list for PBXNativeTarget "ios_project" */ = {
			isa = XCConfigurationList;
			buildConfigurations = (
				946B697A1AE2E2E3004257E3 /* Debug */,
				946B697B1AE2E2E3004257E3 /* Release */,
			);
			defaultConfigurationIsVisible = 0;
			defaultConfigurationName = Release;
		};
		946B697C1AE2E2E3004257E3 /* Build configuration list for PBXNativeTarget "ios_projectTests" */ = {
			isa = XCConfigurationList;
			buildConfigurations = (
				946B697D1AE2E2E3004257E3 /* Debug */,
				946B697E1AE2E2E3004257E3 /* Release */,
			);
			defaultConfigurationIsVisible = 0;
			defaultConfigurationName = Release;
		};
/* End XCConfigurationList section */
	};
	rootObject = 946B69521AE2E2E2004257E3 /* Project object */;
}
